
Microsoft Visual Studio Solution File, Format Version 12.00
# Visual Studio Version 16
VisualStudioVersion = 16.0.28315.86
MinimumVisualStudioVersion = 10.0.40219.1
Project("{2150E333-8FDC-42A3-9474-1A3956D46DE8}") = "Engine", "Engine", "{7BC824E4-8D90-4BE8-8961-C2C24447469B}"
EndProject
Project("{2150E333-8FDC-42A3-9474-1A3956D46DE8}") = "Games", "Games", "{80FA1A1C-D226-4E0F-B8DB-445110E8237C}"
EndProject
Project("{8BC9CEB8-8B4A-11D0-8D11-00A0C91BC942}") = "UE4", "Intermediate\ProjectFiles\UE4.vcxproj", "{8934338C-41B6-42C5-8F6E-6036E65DD829}"
EndProject
Project("{8BC9CEB8-8B4A-11D0-8D11-00A0C91BC942}") = "ToonTanks", "Intermediate\ProjectFiles\ToonTanks.vcxproj", "{67BA7923-6BAF-42B5-AB88-4AE028A2B074}"
EndProject
Project("{2150E333-8FDC-42A3-9474-1A3956D46DE8}") = "Visualizers", "Visualizers", "{3BDC88E5-C981-49C4-BAC4-8ADE7674345D}"
	ProjectSection(SolutionItems) = preProject
		E:\UE_4.22\Engine\Extras\VisualStudioDebugging\UE4.natvis = E:\UE_4.22\Engine\Extras\VisualStudioDebugging\UE4.natvis
	EndProjectSection
EndProject
Global
	GlobalSection(SolutionConfigurationPlatforms) = preSolution
		DebugGame Editor|HTML5 = DebugGame Editor|HTML5
		DebugGame Editor|IOS = DebugGame Editor|IOS
		DebugGame Editor|Win32 = DebugGame Editor|Win32
		DebugGame Editor|Win64 = DebugGame Editor|Win64
		DebugGame|HTML5 = DebugGame|HTML5
		DebugGame|IOS = DebugGame|IOS
		DebugGame|Win32 = DebugGame|Win32
		DebugGame|Win64 = DebugGame|Win64
		Development Editor|HTML5 = Development Editor|HTML5
		Development Editor|IOS = Development Editor|IOS
		Development Editor|Win32 = Development Editor|Win32
		Development Editor|Win64 = Development Editor|Win64
		Development|HTML5 = Development|HTML5
		Development|IOS = Development|IOS
		Development|Win32 = Development|Win32
		Development|Win64 = Development|Win64
		Shipping|HTML5 = Shipping|HTML5
		Shipping|IOS = Shipping|IOS
		Shipping|Win32 = Shipping|Win32
		Shipping|Win64 = Shipping|Win64
	EndGlobalSection
	GlobalSection(ProjectConfigurationPlatforms) = postSolution
		{8934338C-41B6-42C5-8F6E-6036E65DD829}.DebugGame Editor|HTML5.ActiveCfg = BuiltWithUnrealBuildTool|Win32
		{8934338C-41B6-42C5-8F6E-6036E65DD829}.DebugGame Editor|IOS.ActiveCfg = BuiltWithUnrealBuildTool|Win32
		{8934338C-41B6-42C5-8F6E-6036E65DD829}.DebugGame Editor|Win32.ActiveCfg = BuiltWithUnrealBuildTool|Win32
		{8934338C-41B6-42C5-8F6E-6036E65DD829}.DebugGame Editor|Win64.ActiveCfg = BuiltWithUnrealBuildTool|Win32
		{8934338C-41B6-42C5-8F6E-6036E65DD829}.DebugGame|HTML5.ActiveCfg = BuiltWithUnrealBuildTool|Win32
		{8934338C-41B6-42C5-8F6E-6036E65DD829}.DebugGame|IOS.ActiveCfg = BuiltWithUnrealBuildTool|Win32
		{8934338C-41B6-42C5-8F6E-6036E65DD829}.DebugGame|Win32.ActiveCfg = BuiltWithUnrealBuildTool|Win32
		{8934338C-41B6-42C5-8F6E-6036E65DD829}.DebugGame|Win64.ActiveCfg = BuiltWithUnrealBuildTool|Win32
		{8934338C-41B6-42C5-8F6E-6036E65DD829}.Development Editor|HTML5.ActiveCfg = BuiltWithUnrealBuildTool|Win32
		{8934338C-41B6-42C5-8F6E-6036E65DD829}.Development Editor|IOS.ActiveCfg = BuiltWithUnrealBuildTool|Win32
		{8934338C-41B6-42C5-8F6E-6036E65DD829}.Development Editor|Win32.ActiveCfg = BuiltWithUnrealBuildTool|Win32
		{8934338C-41B6-42C5-8F6E-6036E65DD829}.Development Editor|Win64.ActiveCfg = BuiltWithUnrealBuildTool|Win32
		{8934338C-41B6-42C5-8F6E-6036E65DD829}.Development|HTML5.ActiveCfg = BuiltWithUnrealBuildTool|Win32
		{8934338C-41B6-42C5-8F6E-6036E65DD829}.Development|IOS.ActiveCfg = BuiltWithUnrealBuildTool|Win32
		{8934338C-41B6-42C5-8F6E-6036E65DD829}.Development|Win32.ActiveCfg = BuiltWithUnrealBuildTool|Win32
		{8934338C-41B6-42C5-8F6E-6036E65DD829}.Development|Win64.ActiveCfg = BuiltWithUnrealBuildTool|Win32
		{8934338C-41B6-42C5-8F6E-6036E65DD829}.Shipping|HTML5.ActiveCfg = BuiltWithUnrealBuildTool|Win32
		{8934338C-41B6-42C5-8F6E-6036E65DD829}.Shipping|IOS.ActiveCfg = BuiltWithUnrealBuildTool|Win32
		{8934338C-41B6-42C5-8F6E-6036E65DD829}.Shipping|Win32.ActiveCfg = BuiltWithUnrealBuildTool|Win32
		{8934338C-41B6-42C5-8F6E-6036E65DD829}.Shipping|Win64.ActiveCfg = BuiltWithUnrealBuildTool|Win32
		{67BA7923-6BAF-42B5-AB88-4AE028A2B074}.DebugGame Editor|HTML5.ActiveCfg = Invalid|Win32
		{67BA7923-6BAF-42B5-AB88-4AE028A2B074}.DebugGame Editor|IOS.ActiveCfg = Invalid|Win32
		{67BA7923-6BAF-42B5-AB88-4AE028A2B074}.DebugGame Editor|Win32.ActiveCfg = Invalid|Win32
		{67BA7923-6BAF-42B5-AB88-4AE028A2B074}.DebugGame Editor|Win64.ActiveCfg = DebugGame_Editor|x64
		{67BA7923-6BAF-42B5-AB88-4AE028A2B074}.DebugGame Editor|Win64.Build.0 = DebugGame_Editor|x64
		{67BA7923-6BAF-42B5-AB88-4AE028A2B074}.DebugGame|HTML5.ActiveCfg = HTML5_DebugGame|Win32
		{67BA7923-6BAF-42B5-AB88-4AE028A2B074}.DebugGame|HTML5.Build.0 = HTML5_DebugGame|Win32
		{67BA7923-6BAF-42B5-AB88-4AE028A2B074}.DebugGame|IOS.ActiveCfg = IOS_DebugGame|Win32
		{67BA7923-6BAF-42B5-AB88-4AE028A2B074}.DebugGame|IOS.Build.0 = IOS_DebugGame|Win32
		{67BA7923-6BAF-42B5-AB88-4AE028A2B074}.DebugGame|Win32.ActiveCfg = DebugGame|Win32
		{67BA7923-6BAF-42B5-AB88-4AE028A2B074}.DebugGame|Win32.Build.0 = DebugGame|Win32
		{67BA7923-6BAF-42B5-AB88-4AE028A2B074}.DebugGame|Win64.ActiveCfg = DebugGame|x64
		{67BA7923-6BAF-42B5-AB88-4AE028A2B074}.DebugGame|Win64.Build.0 = DebugGame|x64
		{67BA7923-6BAF-42B5-AB88-4AE028A2B074}.Development Editor|HTML5.ActiveCfg = Invalid|Win32
		{67BA7923-6BAF-42B5-AB88-4AE028A2B074}.Development Editor|IOS.ActiveCfg = Invalid|Win32
		{67BA7923-6BAF-42B5-AB88-4AE028A2B074}.Development Editor|Win32.ActiveCfg = Invalid|Win32
		{67BA7923-6BAF-42B5-AB88-4AE028A2B074}.Development Editor|Win64.ActiveCfg = Development_Editor|x64
		{67BA7923-6BAF-42B5-AB88-4AE028A2B074}.Development Editor|Win64.Build.0 = Development_Editor|x64
		{67BA7923-6BAF-42B5-AB88-4AE028A2B074}.Development|HTML5.ActiveCfg = HTML5_Development|Win32
		{67BA7923-6BAF-42B5-AB88-4AE028A2B074}.Development|HTML5.Build.0 = HTML5_Development|Win32
		{67BA7923-6BAF-42B5-AB88-4AE028A2B074}.Development|IOS.ActiveCfg = IOS_Development|Win32
		{67BA7923-6BAF-42B5-AB88-4AE028A2B074}.Development|IOS.Build.0 = IOS_Development|Win32
		{67BA7923-6BAF-42B5-AB88-4AE028A2B074}.Development|Win32.ActiveCfg = Development|Win32
		{67BA7923-6BAF-42B5-AB88-4AE028A2B074}.Development|Win32.Build.0 = Development|Win32
		{67BA7923-6BAF-42B5-AB88-4AE028A2B074}.Development|Win64.ActiveCfg = Development|x64
		{67BA7923-6BAF-42B5-AB88-4AE028A2B074}.Development|Win64.Build.0 = Development|x64
		{67BA7923-6BAF-42B5-AB88-4AE028A2B074}.Shipping|HTML5.ActiveCfg = HTML5_Shipping|Win32
		{67BA7923-6BAF-42B5-AB88-4AE028A2B074}.Shipping|HTML5.Build.0 = HTML5_Shipping|Win32
		{67BA7923-6BAF-42B5-AB88-4AE028A2B074}.Shipping|IOS.ActiveCfg = IOS_Shipping|Win32
		{67BA7923-6BAF-42B5-AB88-4AE028A2B074}.Shipping|IOS.Build.0 = IOS_Shipping|Win32
		{67BA7923-6BAF-42B5-AB88-4AE028A2B074}.Shipping|Win32.ActiveCfg = Shipping|Win32
		{67BA7923-6BAF-42B5-AB88-4AE028A2B074}.Shipping|Win32.Build.0 = Shipping|Win32
		{67BA7923-6BAF-42B5-AB88-4AE028A2B074}.Shipping|Win64.ActiveCfg = Shipping|x64
		{67BA7923-6BAF-42B5-AB88-4AE028A2B074}.Shipping|Win64.Build.0 = Shipping|x64
	EndGlobalSection
	GlobalSection(SolutionProperties) = preSolution
		HideSolutionNode = FALSE
	EndGlobalSection
	GlobalSection(NestedProjects) = preSolution
		{8934338C-41B6-42C5-8F6E-6036E65DD829} = {7BC824E4-8D90-4BE8-8961-C2C24447469B}
		{67BA7923-6BAF-42B5-AB88-4AE028A2B074} = {80FA1A1C-D226-4E0F-B8DB-445110E8237C}
	EndGlobalSection
EndGlobal
